
Microsoft Visual Studio Solution File, Format Version 12.00
# Visual Studio Version 16
VisualStudioVersion = 16.0.31112.23
MinimumVisualStudioVersion = 10.0.40219.1
Project("{FAE04EC0-301F-11D3-BF4B-00C04F79EFBC}") = "LectorExcel", "LectorExcel.csproj", "{41C6D577-BBB1-4CF9-9CB0-0D75A9E676B5}"
EndProject
Global
	GlobalSection(SolutionConfigurationPlatforms) = preSolution
		Debug|Any CPU = Debug|Any CPU
		Release|Any CPU = Release|Any CPU
	EndGlobalSection
	GlobalSection(ProjectConfigurationPlatforms) = postSolution
		{41C6D577-BBB1-4CF9-9CB0-0D75A9E676B5}.Debug|Any CPU.ActiveCfg = Debug|Any CPU
		{41C6D577-BBB1-4CF9-9CB0-0D75A9E676B5}.Debug|Any CPU.Build.0 = Debug|Any CPU
		{41C6D577-BBB1-4CF9-9CB0-0D75A9E676B5}.Release|Any CPU.ActiveCfg = Release|Any CPU
		{41C6D577-BBB1-4CF9-9CB0-0D75A9E676B5}.Release|Any CPU.Build.0 = Release|Any CPU
	EndGlobalSection
	GlobalSection(SolutionProperties) = preSolution
		HideSolutionNode = FALSE
	EndGlobalSection
	GlobalSection(ExtensibilityGlobals) = postSolution
		SolutionGuid = {783AE11C-67CB-4A2B-89C2-A050AC5973AC}
	EndGlobalSection
EndGlobal
